
Microsoft Visual Studio Solution File, Format Version 12.00
# Visual Studio Version 17
VisualStudioVersion = 17.5.002.0
MinimumVisualStudioVersion = 10.0.40219.1
Project("{9A19103F-16F7-4668-BE54-9A1E7A4F7556}") = "practico primer parcial", "practico primer parcial.csproj", "{ADD7C668-8EA5-4055-9079-69F3510DFFC0}"
EndProject
Global
	GlobalSection(SolutionConfigurationPlatforms) = preSolution
		Debug|Any CPU = Debug|Any CPU
		Release|Any CPU = Release|Any CPU
	EndGlobalSection
	GlobalSection(ProjectConfigurationPlatforms) = postSolution
		{ADD7C668-8EA5-4055-9079-69F3510DFFC0}.Debug|Any CPU.ActiveCfg = Debug|Any CPU
		{ADD7C668-8EA5-4055-9079-69F3510DFFC0}.Debug|Any CPU.Build.0 = Debug|Any CPU
		{ADD7C668-8EA5-4055-9079-69F3510DFFC0}.Release|Any CPU.ActiveCfg = Release|Any CPU
		{ADD7C668-8EA5-4055-9079-69F3510DFFC0}.Release|Any CPU.Build.0 = Release|Any CPU
	EndGlobalSection
	GlobalSection(SolutionProperties) = preSolution
		HideSolutionNode = FALSE
	EndGlobalSection
	GlobalSection(ExtensibilityGlobals) = postSolution
		SolutionGuid = {5AC0432F-3982-4B09-AD33-9C9C3F18A30E}
	EndGlobalSection
EndGlobal
